// !$*UTF8*$!
{
	archiveVersion = 1;
	classes = {
	};
	objectVersion = 56;
	objects = {

/* Begin PBXBuildFile section */
		516A50AE2B83CE5D006E6A62 /* AfricaApp.swift in Sources */ = {isa = PBXBuildFile; fileRef = 516A50AD2B83CE5D006E6A62 /* AfricaApp.swift */; };
		516A50B02B83CE5D006E6A62 /* ContentView.swift in Sources */ = {isa = PBXBuildFile; fileRef = 516A50AF2B83CE5D006E6A62 /* ContentView.swift */; };
		516A50B22B83CE5E006E6A62 /* Assets.xcassets in Resources */ = {isa = PBXBuildFile; fileRef = 516A50B12B83CE5E006E6A62 /* Assets.xcassets */; };
		516A50B52B83CE5E006E6A62 /* Preview Assets.xcassets in Resources */ = {isa = PBXBuildFile; fileRef = 516A50B42B83CE5E006E6A62 /* Preview Assets.xcassets */; };
		516A50C62B83D10B006E6A62 /* gorilla.mp4 in Resources */ = {isa = PBXBuildFile; fileRef = 516A50BC2B83D109006E6A62 /* gorilla.mp4 */; };
		516A50C72B83D10B006E6A62 /* giraffe.mp4 in Resources */ = {isa = PBXBuildFile; fileRef = 516A50BD2B83D109006E6A62 /* giraffe.mp4 */; };
		516A50C82B83D10B006E6A62 /* lion.mp4 in Resources */ = {isa = PBXBuildFile; fileRef = 516A50BE2B83D109006E6A62 /* lion.mp4 */; };
		516A50C92B83D10B006E6A62 /* rhino.mp4 in Resources */ = {isa = PBXBuildFile; fileRef = 516A50BF2B83D109006E6A62 /* rhino.mp4 */; };
		516A50CA2B83D10B006E6A62 /* zebra.mp4 in Resources */ = {isa = PBXBuildFile; fileRef = 516A50C02B83D10A006E6A62 /* zebra.mp4 */; };
		516A50CB2B83D10B006E6A62 /* ostrich.mp4 in Resources */ = {isa = PBXBuildFile; fileRef = 516A50C12B83D10A006E6A62 /* ostrich.mp4 */; };
		516A50CC2B83D10B006E6A62 /* cheetah.mp4 in Resources */ = {isa = PBXBuildFile; fileRef = 516A50C22B83D10A006E6A62 /* cheetah.mp4 */; };
		516A50CD2B83D10B006E6A62 /* lioness.mp4 in Resources */ = {isa = PBXBuildFile; fileRef = 516A50C32B83D10A006E6A62 /* lioness.mp4 */; };
		516A50CE2B83D10B006E6A62 /* hippo.mp4 in Resources */ = {isa = PBXBuildFile; fileRef = 516A50C42B83D10B006E6A62 /* hippo.mp4 */; };
		516A50CF2B83D10B006E6A62 /* elephant.mp4 in Resources */ = {isa = PBXBuildFile; fileRef = 516A50C52B83D10B006E6A62 /* elephant.mp4 */; };
		516A50D52B83D163006E6A62 /* covers.json in Resources */ = {isa = PBXBuildFile; fileRef = 516A50D12B83D163006E6A62 /* covers.json */; };
		516A50D62B83D163006E6A62 /* locations.json in Resources */ = {isa = PBXBuildFile; fileRef = 516A50D22B83D163006E6A62 /* locations.json */; };
		516A50D72B83D163006E6A62 /* animals.json in Resources */ = {isa = PBXBuildFile; fileRef = 516A50D32B83D163006E6A62 /* animals.json */; };
		516A50D82B83D163006E6A62 /* videos.json in Resources */ = {isa = PBXBuildFile; fileRef = 516A50D42B83D163006E6A62 /* videos.json */; };
		516A50DC2B83D5E5006E6A62 /* VideoListView.swift in Sources */ = {isa = PBXBuildFile; fileRef = 516A50DB2B83D5E5006E6A62 /* VideoListView.swift */; };
		516A50DE2B83D602006E6A62 /* MapView.swift in Sources */ = {isa = PBXBuildFile; fileRef = 516A50DD2B83D602006E6A62 /* MapView.swift */; };
		516A50E02B83D61D006E6A62 /* GalleryView.swift in Sources */ = {isa = PBXBuildFile; fileRef = 516A50DF2B83D61D006E6A62 /* GalleryView.swift */; };
		516A50E22B83D646006E6A62 /* MainView.swift in Sources */ = {isa = PBXBuildFile; fileRef = 516A50E12B83D646006E6A62 /* MainView.swift */; };
		516A50E42B83D773006E6A62 /* Explanation.txt in Resources */ = {isa = PBXBuildFile; fileRef = 516A50E32B83D773006E6A62 /* Explanation.txt */; };
		51AB4F992B84C0FB00E3904F /* AnimalListItemView.swift in Sources */ = {isa = PBXBuildFile; fileRef = 51AB4F982B84C0FB00E3904F /* AnimalListItemView.swift */; };
		51AB4F9B2B84C78300E3904F /* AnimalModel.swift in Sources */ = {isa = PBXBuildFile; fileRef = 51AB4F9A2B84C78300E3904F /* AnimalModel.swift */; };
		51D212152B846FAE0020C293 /* CoverImageView.swift in Sources */ = {isa = PBXBuildFile; fileRef = 51D212142B846FAE0020C293 /* CoverImageView.swift */; };
		51D212182B8473DC0020C293 /* CoverImageModel.swift in Sources */ = {isa = PBXBuildFile; fileRef = 51D212172B8473DC0020C293 /* CoverImageModel.swift */; };
		51D2121B2B8477DD0020C293 /* CodableBundleExtension.swift in Sources */ = {isa = PBXBuildFile; fileRef = 51D2121A2B8477DD0020C293 /* CodableBundleExtension.swift */; };
/* End PBXBuildFile section */

/* Begin PBXFileReference section */
		516A50AA2B83CE5D006E6A62 /* Africa.app */ = {isa = PBXFileReference; explicitFileType = wrapper.application; includeInIndex = 0; path = Africa.app; sourceTree = BUILT_PRODUCTS_DIR; };
		516A50AD2B83CE5D006E6A62 /* AfricaApp.swift */ = {isa = PBXFileReference; lastKnownFileType = sourcecode.swift; path = AfricaApp.swift; sourceTree = "<group>"; };
		516A50AF2B83CE5D006E6A62 /* ContentView.swift */ = {isa = PBXFileReference; lastKnownFileType = sourcecode.swift; path = ContentView.swift; sourceTree = "<group>"; };
		516A50B12B83CE5E006E6A62 /* Assets.xcassets */ = {isa = PBXFileReference; lastKnownFileType = folder.assetcatalog; path = Assets.xcassets; sourceTree = "<group>"; };
		516A50B42B83CE5E006E6A62 /* Preview Assets.xcassets */ = {isa = PBXFileReference; lastKnownFileType = folder.assetcatalog; path = "Preview Assets.xcassets"; sourceTree = "<group>"; };
		516A50BC2B83D109006E6A62 /* gorilla.mp4 */ = {isa = PBXFileReference; lastKnownFileType = file; path = gorilla.mp4; sourceTree = "<group>"; };
		516A50BD2B83D109006E6A62 /* giraffe.mp4 */ = {isa = PBXFileReference; lastKnownFileType = file; path = giraffe.mp4; sourceTree = "<group>"; };
		516A50BE2B83D109006E6A62 /* lion.mp4 */ = {isa = PBXFileReference; lastKnownFileType = file; path = lion.mp4; sourceTree = "<group>"; };
		516A50BF2B83D109006E6A62 /* rhino.mp4 */ = {isa = PBXFileReference; lastKnownFileType = file; path = rhino.mp4; sourceTree = "<group>"; };
		516A50C02B83D10A006E6A62 /* zebra.mp4 */ = {isa = PBXFileReference; lastKnownFileType = file; path = zebra.mp4; sourceTree = "<group>"; };
		516A50C12B83D10A006E6A62 /* ostrich.mp4 */ = {isa = PBXFileReference; lastKnownFileType = file; path = ostrich.mp4; sourceTree = "<group>"; };
		516A50C22B83D10A006E6A62 /* cheetah.mp4 */ = {isa = PBXFileReference; lastKnownFileType = file; path = cheetah.mp4; sourceTree = "<group>"; };
		516A50C32B83D10A006E6A62 /* lioness.mp4 */ = {isa = PBXFileReference; lastKnownFileType = file; path = lioness.mp4; sourceTree = "<group>"; };
		516A50C42B83D10B006E6A62 /* hippo.mp4 */ = {isa = PBXFileReference; lastKnownFileType = file; path = hippo.mp4; sourceTree = "<group>"; };
		516A50C52B83D10B006E6A62 /* elephant.mp4 */ = {isa = PBXFileReference; lastKnownFileType = file; path = elephant.mp4; sourceTree = "<group>"; };
		516A50D12B83D163006E6A62 /* covers.json */ = {isa = PBXFileReference; fileEncoding = 4; lastKnownFileType = text.json; path = covers.json; sourceTree = "<group>"; };
		516A50D22B83D163006E6A62 /* locations.json */ = {isa = PBXFileReference; fileEncoding = 4; lastKnownFileType = text.json; path = locations.json; sourceTree = "<group>"; };
		516A50D32B83D163006E6A62 /* animals.json */ = {isa = PBXFileReference; fileEncoding = 4; lastKnownFileType = text.json; path = animals.json; sourceTree = "<group>"; };
		516A50D42B83D163006E6A62 /* videos.json */ = {isa = PBXFileReference; fileEncoding = 4; lastKnownFileType = text.json; path = videos.json; sourceTree = "<group>"; };
		516A50D92B83D274006E6A62 /* Info.plist */ = {isa = PBXFileReference; lastKnownFileType = text.plist; path = Info.plist; sourceTree = "<group>"; };
		516A50DB2B83D5E5006E6A62 /* VideoListView.swift */ = {isa = PBXFileReference; lastKnownFileType = sourcecode.swift; path = VideoListView.swift; sourceTree = "<group>"; };
		516A50DD2B83D602006E6A62 /* MapView.swift */ = {isa = PBXFileReference; lastKnownFileType = sourcecode.swift; path = MapView.swift; sourceTree = "<group>"; };
		516A50DF2B83D61D006E6A62 /* GalleryView.swift */ = {isa = PBXFileReference; lastKnownFileType = sourcecode.swift; path = GalleryView.swift; sourceTree = "<group>"; };
		516A50E12B83D646006E6A62 /* MainView.swift */ = {isa = PBXFileReference; lastKnownFileType = sourcecode.swift; path = MainView.swift; sourceTree = "<group>"; };
		516A50E32B83D773006E6A62 /* Explanation.txt */ = {isa = PBXFileReference; lastKnownFileType = text; path = Explanation.txt; sourceTree = "<group>"; };
		51AB4F982B84C0FB00E3904F /* AnimalListItemView.swift */ = {isa = PBXFileReference; lastKnownFileType = sourcecode.swift; path = AnimalListItemView.swift; sourceTree = "<group>"; };
		51AB4F9A2B84C78300E3904F /* AnimalModel.swift */ = {isa = PBXFileReference; lastKnownFileType = sourcecode.swift; path = AnimalModel.swift; sourceTree = "<group>"; };
		51D212142B846FAE0020C293 /* CoverImageView.swift */ = {isa = PBXFileReference; lastKnownFileType = sourcecode.swift; path = CoverImageView.swift; sourceTree = "<group>"; };
		51D212172B8473DC0020C293 /* CoverImageModel.swift */ = {isa = PBXFileReference; lastKnownFileType = sourcecode.swift; path = CoverImageModel.swift; sourceTree = "<group>"; };
		51D2121A2B8477DD0020C293 /* CodableBundleExtension.swift */ = {isa = PBXFileReference; lastKnownFileType = sourcecode.swift; path = CodableBundleExtension.swift; sourceTree = "<group>"; };
/* End PBXFileReference section */

/* Begin PBXFrameworksBuildPhase section */
		516A50A72B83CE5D006E6A62 /* Frameworks */ = {
			isa = PBXFrameworksBuildPhase;
			buildActionMask = 2147483647;
			files = (
			);
			runOnlyForDeploymentPostprocessing = 0;
		};
/* End PBXFrameworksBuildPhase section */

/* Begin PBXGroup section */
		516A50A12B83CE5D006E6A62 = {
			isa = PBXGroup;
			children = (
				516A50AC2B83CE5D006E6A62 /* Africa */,
				516A50AB2B83CE5D006E6A62 /* Products */,
			);
			sourceTree = "<group>";
		};
		516A50AB2B83CE5D006E6A62 /* Products */ = {
			isa = PBXGroup;
			children = (
				516A50AA2B83CE5D006E6A62 /* Africa.app */,
			);
			name = Products;
			sourceTree = "<group>";
		};
		516A50AC2B83CE5D006E6A62 /* Africa */ = {
			isa = PBXGroup;
			children = (
				51D212192B8477C40020C293 /* Extension */,
				51D212162B8473C00020C293 /* Model */,
				51D212132B846F980020C293 /* View */,
				516A50D92B83D274006E6A62 /* Info.plist */,
				516A50D02B83D13E006E6A62 /* Data */,
				516A50BB2B83D0D8006E6A62 /* Video */,
				516A50DA2B83D360006E6A62 /* App */,
				516A50B12B83CE5E006E6A62 /* Assets.xcassets */,
				516A50B32B83CE5E006E6A62 /* Preview Content */,
				516A50E32B83D773006E6A62 /* Explanation.txt */,
			);
			path = Africa;
			sourceTree = "<group>";
		};
		516A50B32B83CE5E006E6A62 /* Preview Content */ = {
			isa = PBXGroup;
			children = (
				516A50B42B83CE5E006E6A62 /* Preview Assets.xcassets */,
			);
			path = "Preview Content";
			sourceTree = "<group>";
		};
		516A50BB2B83D0D8006E6A62 /* Video */ = {
			isa = PBXGroup;
			children = (
				516A50C22B83D10A006E6A62 /* cheetah.mp4 */,
				516A50C52B83D10B006E6A62 /* elephant.mp4 */,
				516A50BD2B83D109006E6A62 /* giraffe.mp4 */,
				516A50BC2B83D109006E6A62 /* gorilla.mp4 */,
				516A50C42B83D10B006E6A62 /* hippo.mp4 */,
				516A50BE2B83D109006E6A62 /* lion.mp4 */,
				516A50C32B83D10A006E6A62 /* lioness.mp4 */,
				516A50C12B83D10A006E6A62 /* ostrich.mp4 */,
				516A50BF2B83D109006E6A62 /* rhino.mp4 */,
				516A50C02B83D10A006E6A62 /* zebra.mp4 */,
			);
			path = Video;
			sourceTree = "<group>";
		};
		516A50D02B83D13E006E6A62 /* Data */ = {
			isa = PBXGroup;
			children = (
				516A50D32B83D163006E6A62 /* animals.json */,
				516A50D12B83D163006E6A62 /* covers.json */,
				516A50D22B83D163006E6A62 /* locations.json */,
				516A50D42B83D163006E6A62 /* videos.json */,
			);
			path = Data;
			sourceTree = "<group>";
		};
		516A50DA2B83D360006E6A62 /* App */ = {
			isa = PBXGroup;
			children = (
				516A50AD2B83CE5D006E6A62 /* AfricaApp.swift */,
				516A50AF2B83CE5D006E6A62 /* ContentView.swift */,
				516A50DB2B83D5E5006E6A62 /* VideoListView.swift */,
				516A50DD2B83D602006E6A62 /* MapView.swift */,
				516A50DF2B83D61D006E6A62 /* GalleryView.swift */,
				516A50E12B83D646006E6A62 /* MainView.swift */,
			);
			path = App;
			sourceTree = "<group>";
		};
		51D212132B846F980020C293 /* View */ = {
			isa = PBXGroup;
			children = (
				51D212142B846FAE0020C293 /* CoverImageView.swift */,
				51AB4F982B84C0FB00E3904F /* AnimalListItemView.swift */,
			);
			path = View;
			sourceTree = "<group>";
		};
		51D212162B8473C00020C293 /* Model */ = {
			isa = PBXGroup;
			children = (
				51D212172B8473DC0020C293 /* CoverImageModel.swift */,
				51AB4F9A2B84C78300E3904F /* AnimalModel.swift */,
			);
			path = Model;
			sourceTree = "<group>";
		};
		51D212192B8477C40020C293 /* Extension */ = {
			isa = PBXGroup;
			children = (
				51D2121A2B8477DD0020C293 /* CodableBundleExtension.swift */,
			);
			path = Extension;
			sourceTree = "<group>";
		};
/* End PBXGroup section */

/* Begin PBXNativeTarget section */
		516A50A92B83CE5D006E6A62 /* Africa */ = {
			isa = PBXNativeTarget;
			buildConfigurationList = 516A50B82B83CE5E006E6A62 /* Build configuration list for PBXNativeTarget "Africa" */;
			buildPhases = (
				516A50A62B83CE5D006E6A62 /* Sources */,
				516A50A72B83CE5D006E6A62 /* Frameworks */,
				516A50A82B83CE5D006E6A62 /* Resources */,
			);
			buildRules = (
			);
			dependencies = (
			);
			name = Africa;
			productName = Africa;
			productReference = 516A50AA2B83CE5D006E6A62 /* Africa.app */;
			productType = "com.apple.product-type.application";
		};
/* End PBXNativeTarget section */

/* Begin PBXProject section */
		516A50A22B83CE5D006E6A62 /* Project object */ = {
			isa = PBXProject;
			attributes = {
				BuildIndependentTargetsInParallel = 1;
				LastSwiftUpdateCheck = 1520;
				LastUpgradeCheck = 1520;
				TargetAttributes = {
					516A50A92B83CE5D006E6A62 = {
						CreatedOnToolsVersion = 15.2;
					};
				};
			};
			buildConfigurationList = 516A50A52B83CE5D006E6A62 /* Build configuration list for PBXProject "Africa" */;
			compatibilityVersion = "Xcode 14.0";
			developmentRegion = en;
			hasScannedForEncodings = 0;
			knownRegions = (
				en,
				Base,
			);
			mainGroup = 516A50A12B83CE5D006E6A62;
			productRefGroup = 516A50AB2B83CE5D006E6A62 /* Products */;
			projectDirPath = "";
			projectRoot = "";
			targets = (
				516A50A92B83CE5D006E6A62 /* Africa */,
			);
		};
/* End PBXProject section */

/* Begin PBXResourcesBuildPhase section */
		516A50A82B83CE5D006E6A62 /* Resources */ = {
			isa = PBXResourcesBuildPhase;
			buildActionMask = 2147483647;
			files = (
				516A50D72B83D163006E6A62 /* animals.json in Resources */,
				516A50D62B83D163006E6A62 /* locations.json in Resources */,
				516A50D52B83D163006E6A62 /* covers.json in Resources */,
				516A50C92B83D10B006E6A62 /* rhino.mp4 in Resources */,
				516A50CE2B83D10B006E6A62 /* hippo.mp4 in Resources */,
				516A50B52B83CE5E006E6A62 /* Preview Assets.xcassets in Resources */,
				516A50C62B83D10B006E6A62 /* gorilla.mp4 in Resources */,
				516A50C72B83D10B006E6A62 /* giraffe.mp4 in Resources */,
				516A50C82B83D10B006E6A62 /* lion.mp4 in Resources */,
				516A50CA2B83D10B006E6A62 /* zebra.mp4 in Resources */,
				516A50CB2B83D10B006E6A62 /* ostrich.mp4 in Resources */,
				516A50CF2B83D10B006E6A62 /* elephant.mp4 in Resources */,
				516A50CD2B83D10B006E6A62 /* lioness.mp4 in Resources */,
				516A50D82B83D163006E6A62 /* videos.json in Resources */,
				516A50E42B83D773006E6A62 /* Explanation.txt in Resources */,
				516A50B22B83CE5E006E6A62 /* Assets.xcassets in Resources */,
				516A50CC2B83D10B006E6A62 /* cheetah.mp4 in Resources */,
			);
			runOnlyForDeploymentPostprocessing = 0;
		};
/* End PBXResourcesBuildPhase section */

/* Begin PBXSourcesBuildPhase section */
		516A50A62B83CE5D006E6A62 /* Sources */ = {
			isa = PBXSourcesBuildPhase;
			buildActionMask = 2147483647;
			files = (
				516A50B02B83CE5D006E6A62 /* ContentView.swift in Sources */,
				51AB4F992B84C0FB00E3904F /* AnimalListItemView.swift in Sources */,
				516A50E22B83D646006E6A62 /* MainView.swift in Sources */,
				51D212152B846FAE0020C293 /* CoverImageView.swift in Sources */,
				51D212182B8473DC0020C293 /* CoverImageModel.swift in Sources */,
				51AB4F9B2B84C78300E3904F /* AnimalModel.swift in Sources */,
				516A50DE2B83D602006E6A62 /* MapView.swift in Sources */,
				516A50AE2B83CE5D006E6A62 /* AfricaApp.swift in Sources */,
				516A50DC2B83D5E5006E6A62 /* VideoListView.swift in Sources */,
				516A50E02B83D61D006E6A62 /* GalleryView.swift in Sources */,
				51D2121B2B8477DD0020C293 /* CodableBundleExtension.swift in Sources */,
			);
			runOnlyForDeploymentPostprocessing = 0;
		};
/* End PBXSourcesBuildPhase section */

/* Begin XCBuildConfiguration section */
		516A50B62B83CE5E006E6A62 /* Debug */ = {
			isa = XCBuildConfiguration;
			buildSettings = {
				ALWAYS_SEARCH_USER_PATHS = NO;
				ASSETCATALOG_COMPILER_GENERATE_SWIFT_ASSET_SYMBOL_EXTENSIONS = YES;
				CLANG_ANALYZER_NONNULL = YES;
				CLANG_ANALYZER_NUMBER_OBJECT_CONVERSION = YES_AGGRESSIVE;
				CLANG_CXX_LANGUAGE_STANDARD = "gnu++20";
				CLANG_ENABLE_MODULES = YES;
				CLANG_ENABLE_OBJC_ARC = YES;
				CLANG_ENABLE_OBJC_WEAK = YES;
				CLANG_WARN_BLOCK_CAPTURE_AUTORELEASING = YES;
				CLANG_WARN_BOOL_CONVERSION = YES;
				CLANG_WARN_COMMA = YES;
				CLANG_WARN_CONSTANT_CONVERSION = YES;
				CLANG_WARN_DEPRECATED_OBJC_IMPLEMENTATIONS = YES;
				CLANG_WARN_DIRECT_OBJC_ISA_USAGE = YES_ERROR;
				CLANG_WARN_DOCUMENTATION_COMMENTS = YES;
				CLANG_WARN_EMPTY_BODY = YES;
				CLANG_WARN_ENUM_CONVERSION = YES;
				CLANG_WARN_INFINITE_RECURSION = YES;
				CLANG_WARN_INT_CONVERSION = YES;
				CLANG_WARN_NON_LITERAL_NULL_CONVERSION = YES;
				CLANG_WARN_OBJC_IMPLICIT_RETAIN_SELF = YES;
				CLANG_WARN_OBJC_LITERAL_CONVERSION = YES;
				CLANG_WARN_OBJC_ROOT_CLASS = YES_ERROR;
				CLANG_WARN_QUOTED_INCLUDE_IN_FRAMEWORK_HEADER = YES;
				CLANG_WARN_RANGE_LOOP_ANALYSIS = YES;
				CLANG_WARN_STRICT_PROTOTYPES = YES;
				CLANG_WARN_SUSPICIOUS_MOVE = YES;
				CLANG_WARN_UNGUARDED_AVAILABILITY = YES_AGGRESSIVE;
				CLANG_WARN_UNREACHABLE_CODE = YES;
				CLANG_WARN__DUPLICATE_METHOD_MATCH = YES;
				COPY_PHASE_STRIP = NO;
				DEBUG_INFORMATION_FORMAT = dwarf;
				ENABLE_STRICT_OBJC_MSGSEND = YES;
				ENABLE_TESTABILITY = YES;
				ENABLE_USER_SCRIPT_SANDBOXING = YES;
				GCC_C_LANGUAGE_STANDARD = gnu17;
				GCC_DYNAMIC_NO_PIC = NO;
				GCC_NO_COMMON_BLOCKS = YES;
				GCC_OPTIMIZATION_LEVEL = 0;
				GCC_PREPROCESSOR_DEFINITIONS = (
					"DEBUG=1",
					"$(inherited)",
				);
				GCC_WARN_64_TO_32_BIT_CONVERSION = YES;
				GCC_WARN_ABOUT_RETURN_TYPE = YES_ERROR;
				GCC_WARN_UNDECLARED_SELECTOR = YES;
				GCC_WARN_UNINITIALIZED_AUTOS = YES_AGGRESSIVE;
				GCC_WARN_UNUSED_FUNCTION = YES;
				GCC_WARN_UNUSED_VARIABLE = YES;
				IPHONEOS_DEPLOYMENT_TARGET = 17.2;
				LOCALIZATION_PREFERS_STRING_CATALOGS = YES;
				MTL_ENABLE_DEBUG_INFO = INCLUDE_SOURCE;
				MTL_FAST_MATH = YES;
				ONLY_ACTIVE_ARCH = YES;
				SDKROOT = iphoneos;
				SWIFT_ACTIVE_COMPILATION_CONDITIONS = "DEBUG $(inherited)";
				SWIFT_OPTIMIZATION_LEVEL = "-Onone";
			};
			name = Debug;
		};
		516A50B72B83CE5E006E6A62 /* Release */ = {
			isa = XCBuildConfiguration;
			buildSettings = {
				ALWAYS_SEARCH_USER_PATHS = NO;
				ASSETCATALOG_COMPILER_GENERATE_SWIFT_ASSET_SYMBOL_EXTENSIONS = YES;
				CLANG_ANALYZER_NONNULL = YES;
				CLANG_ANALYZER_NUMBER_OBJECT_CONVERSION = YES_AGGRESSIVE;
				CLANG_CXX_LANGUAGE_STANDARD = "gnu++20";
				CLANG_ENABLE_MODULES = YES;
				CLANG_ENABLE_OBJC_ARC = YES;
				CLANG_ENABLE_OBJC_WEAK = YES;
				CLANG_WARN_BLOCK_CAPTURE_AUTORELEASING = YES;
				CLANG_WARN_BOOL_CONVERSION = YES;
				CLANG_WARN_COMMA = YES;
				CLANG_WARN_CONSTANT_CONVERSION = YES;
				CLANG_WARN_DEPRECATED_OBJC_IMPLEMENTATIONS = YES;
				CLANG_WARN_DIRECT_OBJC_ISA_USAGE = YES_ERROR;
				CLANG_WARN_DOCUMENTATION_COMMENTS = YES;
				CLANG_WARN_EMPTY_BODY = YES;
				CLANG_WARN_ENUM_CONVERSION = YES;
				CLANG_WARN_INFINITE_RECURSION = YES;
				CLANG_WARN_INT_CONVERSION = YES;
				CLANG_WARN_NON_LITERAL_NULL_CONVERSION = YES;
				CLANG_WARN_OBJC_IMPLICIT_RETAIN_SELF = YES;
				CLANG_WARN_OBJC_LITERAL_CONVERSION = YES;
				CLANG_WARN_OBJC_ROOT_CLASS = YES_ERROR;
				CLANG_WARN_QUOTED_INCLUDE_IN_FRAMEWORK_HEADER = YES;
				CLANG_WARN_RANGE_LOOP_ANALYSIS = YES;
				CLANG_WARN_STRICT_PROTOTYPES = YES;
				CLANG_WARN_SUSPICIOUS_MOVE = YES;
				CLANG_WARN_UNGUARDED_AVAILABILITY = YES_AGGRESSIVE;
				CLANG_WARN_UNREACHABLE_CODE = YES;
				CLANG_WARN__DUPLICATE_METHOD_MATCH = YES;
				COPY_PHASE_STRIP = NO;
				DEBUG_INFORMATION_FORMAT = "dwarf-with-dsym";
				ENABLE_NS_ASSERTIONS = NO;
				ENABLE_STRICT_OBJC_MSGSEND = YES;
				ENABLE_USER_SCRIPT_SANDBOXING = YES;
				GCC_C_LANGUAGE_STANDARD = gnu17;
				GCC_NO_COMMON_BLOCKS = YES;
				GCC_WARN_64_TO_32_BIT_CONVERSION = YES;
				GCC_WARN_ABOUT_RETURN_TYPE = YES_ERROR;
				GCC_WARN_UNDECLARED_SELECTOR = YES;
				GCC_WARN_UNINITIALIZED_AUTOS = YES_AGGRESSIVE;
				GCC_WARN_UNUSED_FUNCTION = YES;
				GCC_WARN_UNUSED_VARIABLE = YES;
				IPHONEOS_DEPLOYMENT_TARGET = 17.2;
				LOCALIZATION_PREFERS_STRING_CATALOGS = YES;
				MTL_ENABLE_DEBUG_INFO = NO;
				MTL_FAST_MATH = YES;
				SDKROOT = iphoneos;
				SWIFT_COMPILATION_MODE = wholemodule;
				VALIDATE_PRODUCT = YES;
			};
			name = Release;
		};
		516A50B92B83CE5E006E6A62 /* Debug */ = {
			isa = XCBuildConfiguration;
			buildSettings = {
				ASSETCATALOG_COMPILER_APPICON_NAME = AppIcon;
				ASSETCATALOG_COMPILER_GLOBAL_ACCENT_COLOR_NAME = AccentColor;
				CODE_SIGN_STYLE = Automatic;
				CURRENT_PROJECT_VERSION = 1;
				DEVELOPMENT_ASSET_PATHS = "\"Africa/Preview Content\"";
				DEVELOPMENT_TEAM = NJ47TX8WF5;
				ENABLE_PREVIEWS = YES;
				GENERATE_INFOPLIST_FILE = YES;
				INFOPLIST_FILE = Africa/Info.plist;
				INFOPLIST_KEY_UIApplicationSceneManifest_Generation = YES;
				INFOPLIST_KEY_UIApplicationSupportsIndirectInputEvents = YES;
				INFOPLIST_KEY_UISupportedInterfaceOrientations_iPad = "UIInterfaceOrientationPortrait UIInterfaceOrientationPortraitUpsideDown UIInterfaceOrientationLandscapeLeft UIInterfaceOrientationLandscapeRight";
				INFOPLIST_KEY_UISupportedInterfaceOrientations_iPhone = "UIInterfaceOrientationPortrait UIInterfaceOrientationLandscapeLeft UIInterfaceOrientationLandscapeRight";
				INFOPLIST_KEY_UIUserInterfaceStyle = Dark;
				LD_RUNPATH_SEARCH_PATHS = (
					"$(inherited)",
					"@executable_path/Frameworks",
				);
				MARKETING_VERSION = 1.0;
				PRODUCT_BUNDLE_IDENTIFIER = com.shubh.Africa;
				PRODUCT_NAME = "$(TARGET_NAME)";
				SWIFT_EMIT_LOC_STRINGS = YES;
				SWIFT_VERSION = 5.0;
				TARGETED_DEVICE_FAMILY = "1,2";
			};
			name = Debug;
		};
		516A50BA2B83CE5E006E6A62 /* Release */ = {
			isa = XCBuildConfiguration;
			buildSettings = {
				ASSETCATALOG_COMPILER_APPICON_NAME = AppIcon;
				ASSETCATALOG_COMPILER_GLOBAL_ACCENT_COLOR_NAME = AccentColor;
				CODE_SIGN_STYLE = Automatic;
				CURRENT_PROJECT_VERSION = 1;
				DEVELOPMENT_ASSET_PATHS = "\"Africa/Preview Content\"";
				DEVELOPMENT_TEAM = NJ47TX8WF5;
				ENABLE_PREVIEWS = YES;
				GENERATE_INFOPLIST_FILE = YES;
				INFOPLIST_FILE = Africa/Info.plist;
				INFOPLIST_KEY_UIApplicationSceneManifest_Generation = YES;
				INFOPLIST_KEY_UIApplicationSupportsIndirectInputEvents = YES;
				INFOPLIST_KEY_UISupportedInterfaceOrientations_iPad = "UIInterfaceOrientationPortrait UIInterfaceOrientationPortraitUpsideDown UIInterfaceOrientationLandscapeLeft UIInterfaceOrientationLandscapeRight";
				INFOPLIST_KEY_UISupportedInterfaceOrientations_iPhone = "UIInterfaceOrientationPortrait UIInterfaceOrientationLandscapeLeft UIInterfaceOrientationLandscapeRight";
				INFOPLIST_KEY_UIUserInterfaceStyle = Dark;
				LD_RUNPATH_SEARCH_PATHS = (
					"$(inherited)",
					"@executable_path/Frameworks",
				);
				MARKETING_VERSION = 1.0;
				PRODUCT_BUNDLE_IDENTIFIER = com.shubh.Africa;
				PRODUCT_NAME = "$(TARGET_NAME)";
				SWIFT_EMIT_LOC_STRINGS = YES;
				SWIFT_VERSION = 5.0;
				TARGETED_DEVICE_FAMILY = "1,2";
			};
			name = Release;
		};
/* End XCBuildConfiguration section */

/* Begin XCConfigurationList section */
		516A50A52B83CE5D006E6A62 /* Build configuration list for PBXProject "Africa" */ = {
			isa = XCConfigurationList;
			buildConfigurations = (
				516A50B62B83CE5E006E6A62 /* Debug */,
				516A50B72B83CE5E006E6A62 /* Release */,
			);
			defaultConfigurationIsVisible = 0;
			defaultConfigurationName = Release;
		};
		516A50B82B83CE5E006E6A62 /* Build configuration list for PBXNativeTarget "Africa" */ = {
			isa = XCConfigurationList;
			buildConfigurations = (
				516A50B92B83CE5E006E6A62 /* Debug */,
				516A50BA2B83CE5E006E6A62 /* Release */,
			);
			defaultConfigurationIsVisible = 0;
			defaultConfigurationName = Release;
		};
/* End XCConfigurationList section */
	};
	rootObject = 516A50A22B83CE5D006E6A62 /* Project object */;
}
